{
  "version": 4,
  "terraform_version": "0.13.0",
  "serial": 8,
  "lineage": "cb22e4fa-cf57-f965-8222-a2633267fa49",
  "outputs": {},
  "resources": [
    {
      "mode": "data",
      "type": "aws_caller_identity",
      "name": "current",
      "provider": "provider[\"registry.terraform.io/hashicorp/aws\"]",
      "instances": [
        {
          "schema_version": 0,
          "attributes": {
            "account_id": "758889637411",
            "arn": "arn:aws:iam::758889637411:user/lgallard",
            "id": "2020-09-03 23:31:19.06449963 +0000 UTC",
            "user_id": "AIDAICCKBWMAPSDFUM4BG"
          }
        }
      ]
    },
    {
      "module": "module.aws_es",
      "mode": "data",
      "type": "aws_kms_key",
      "name": "aws_es",
      "provider": "provider[\"registry.terraform.io/hashicorp/aws\"]",
      "instances": [
        {
          "schema_version": 0,
          "attributes": {
            "arn": "arn:aws:kms:us-east-1:758889637411:key/ccab903a-4ba1-4993-9fc7-f7e538b25bd3",
            "aws_account_id": "758889637411",
            "creation_date": "2019-10-24T16:54:43Z",
            "customer_master_key_spec": "SYMMETRIC_DEFAULT",
            "deletion_date": null,
            "description": "Default master key that protects my Elasticsearch data when no other key is defined",
            "enabled": true,
            "expiration_model": "",
            "grant_tokens": null,
            "id": "ccab903a-4ba1-4993-9fc7-f7e538b25bd3",
            "key_id": "alias/aws/es",
            "key_manager": "AWS",
            "key_state": "Enabled",
            "key_usage": "ENCRYPT_DECRYPT",
            "origin": "AWS_KMS",
            "valid_to": null
          }
        }
      ]
    },
    {
      "mode": "data",
      "type": "aws_region",
      "name": "current",
      "provider": "provider[\"registry.terraform.io/hashicorp/aws\"]",
      "instances": [
        {
          "schema_version": 0,
          "attributes": {
            "description": "US East (N. Virginia)",
            "endpoint": "ec2.us-east-1.amazonaws.com",
            "id": "us-east-1",
            "name": "us-east-1"
          }
        }
      ]
    },
    {
      "module": "module.aws_es",
      "mode": "managed",
      "type": "aws_cloudwatch_log_group",
      "name": "es_cloudwatch_log_group",
      "provider": "provider[\"registry.terraform.io/hashicorp/aws\"]",
      "instances": [
        {
          "schema_version": 0,
          "attributes": {
            "arn": "arn:aws:logs:us-east-1:758889637411:log-group:elasticsearch-public-log_group",
            "id": "elasticsearch-public-log_group",
            "kms_key_id": "",
            "name": "elasticsearch-public-log_group",
            "name_prefix": null,
            "retention_in_days": 0,
            "tags": {
              "Owner": "sysops",
              "env": "dev"
            }
          },
          "private": "bnVsbA=="
        }
      ]
    },
    {
      "module": "module.aws_es",
      "mode": "managed",
      "type": "aws_cloudwatch_log_resource_policy",
      "name": "es_aws_cloudwatch_log_resource_policy",
      "provider": "provider[\"registry.terraform.io/hashicorp/aws\"]",
      "instances": [
        {
          "schema_version": 0,
          "attributes": {
            "id": "elasticsearch-public-policy",
            "policy_document": "{\"Version\":\"2012-10-17\",\"Statement\":[{\"Effect\":\"Allow\",\"Principal\":{\"Service\":\"es.amazonaws.com\"},\"Action\":[\"logs:PutLogEvents\",\"logs:PutLogEventsBatch\",\"logs:CreateLogStream\"],\"Resource\":\"arn:aws:logs:*\"}]}",
            "policy_name": "elasticsearch-public-policy"
          },
          "private": "bnVsbA=="
        }
      ]
    },
    {
      "module": "module.aws_es",
      "mode": "managed",
      "type": "aws_elasticsearch_domain",
      "name": "es_domain",
      "provider": "provider[\"registry.terraform.io/hashicorp/aws\"]",
      "instances": [
        {
          "schema_version": 0,
          "attributes": {
            "access_policies": "{\"Statement\":[{\"Action\":\"es:*\",\"Condition\":{\"IpAddress\":{\"aws:SourceIp\":[\"1.1.1.1\",\"2.2.2.2\"]}},\"Effect\":\"Allow\",\"Principal\":{\"AWS\":\"*\"},\"Resource\":\"arn:aws:es:us-east-1:758889637411:domain/elasticsearch-public/*\",\"Sid\":\"\"}],\"Version\":\"2012-10-17\"}",
            "advanced_options": {
              "rest.action.multi.allow_explicit_index": "true"
            },
            "advanced_security_options": [
              {
                "enabled": true,
                "internal_user_database_enabled": true,
                "master_user_options": [
                  {
                    "master_user_arn": "",
                    "master_user_name": "username",
                    "master_user_password": "T0p$ecret"
                  }
                ]
              }
            ],
            "arn": "arn:aws:es:us-east-1:758889637411:domain/elasticsearch-public",
            "cluster_config": [
              {
                "dedicated_master_count": 3,
                "dedicated_master_enabled": true,
                "dedicated_master_type": "r5.large.elasticsearch",
                "instance_count": 3,
                "instance_type": "r5.large.elasticsearch",
                "warm_count": 0,
                "warm_enabled": false,
                "warm_type": "",
                "zone_awareness_config": [
                  {
                    "availability_zone_count": 3
                  }
                ],
                "zone_awareness_enabled": true
              }
            ],
            "cognito_options": [
              {
                "enabled": false,
                "identity_pool_id": "",
                "role_arn": "",
                "user_pool_id": ""
              }
            ],
            "domain_endpoint_options": [
              {
                "enforce_https": true,
                "tls_security_policy": "Policy-Min-TLS-1-2-2019-07"
              }
            ],
            "domain_id": "758889637411/elasticsearch-public",
            "domain_name": "elasticsearch-public",
            "ebs_options": [
              {
                "ebs_enabled": true,
                "iops": 0,
                "volume_size": 25,
                "volume_type": "gp2"
              }
            ],
            "elasticsearch_version": "7.1",
            "encrypt_at_rest": [
              {
                "enabled": true,
                "kms_key_id": "arn:aws:kms:us-east-1:758889637411:key/ccab903a-4ba1-4993-9fc7-f7e538b25bd3"
              }
            ],
            "endpoint": "search-elasticsearch-public-jcmrqqvbfmxe2sfy5i3rsaebhy.us-east-1.es.amazonaws.com",
            "id": "arn:aws:es:us-east-1:758889637411:domain/elasticsearch-public",
            "kibana_endpoint": "search-elasticsearch-public-jcmrqqvbfmxe2sfy5i3rsaebhy.us-east-1.es.amazonaws.com/_plugin/kibana/",
            "log_publishing_options": [
              {
                "cloudwatch_log_group_arn": "arn:aws:logs:us-east-1:758889637411:log-group:elasticsearch-public-log_group",
                "enabled": true,
                "log_type": "INDEX_SLOW_LOGS"
              }
            ],
            "node_to_node_encryption": [
              {
                "enabled": true
              }
            ],
            "snapshot_options": [
              {
                "automated_snapshot_start_hour": 23
              }
            ],
            "tags": {
              "Owner": "sysops",
              "env": "dev"
            },
            "timeouts": null,
            "vpc_options": []
          },
          "private": "eyJlMmJmYjczMC1lY2FhLTExZTYtOGY4OC0zNDM2M2JjN2M0YzAiOnsidXBkYXRlIjozNjAwMDAwMDAwMDAwfX0=",
          "dependencies": [
            "data.aws_caller_identity.current",
            "data.aws_region.current",
            "module.aws_es.aws_cloudwatch_log_group.es_cloudwatch_log_group",
            "module.aws_es.aws_iam_service_linked_role.es",
            "module.aws_es.data.aws_kms_key.aws_es"
          ]
        }
      ]
    },
    {
      "module": "module.aws_es",
      "mode": "managed",
      "type": "aws_iam_service_linked_role",
      "name": "es",
      "provider": "provider[\"registry.terraform.io/hashicorp/aws\"]",
      "instances": [
        {
          "index_key": 0,
          "schema_version": 0,
          "attributes": {
            "arn": "arn:aws:iam::758889637411:role/aws-service-role/es.amazonaws.com/AWSServiceRoleForAmazonElasticsearchService",
            "aws_service_name": "es.amazonaws.com",
            "create_date": "2020-09-03T22:54:54Z",
            "custom_suffix": "",
            "description": "Service-linked role to give Amazon ES permissions to access your VPC",
            "id": "arn:aws:iam::758889637411:role/aws-service-role/es.amazonaws.com/AWSServiceRoleForAmazonElasticsearchService",
            "name": "AWSServiceRoleForAmazonElasticsearchService",
            "path": "/aws-service-role/es.amazonaws.com/",
            "unique_id": "AROA3BMKY4YR4LCCVEFMH"
          },
          "private": "bnVsbA=="
        }
      ]
    }
  ]
}
